
Microsoft Visual Studio Solution File, Format Version 12.00
# Visual Studio Version 17
VisualStudioVersion = 17.0.31903.59
MinimumVisualStudioVersion = 10.0.40219.1
Project("{2150E333-8FDC-42A3-9474-1A3956D46DE8}") = "src", "src", "{85458821-7947-4FC4-9C02-2ED97FB0E7D2}"
EndProject
Project("{F2A71F9B-5D33-465A-A702-920D77279786}") = "Example", "src\Example\Example.fsproj", "{07563B6C-4EF0-4F9E-B6F5-35F8DF993024}"
EndProject
Project("{FAE04EC0-301F-11D3-BF4B-00C04F79EFBC}") = "VoicevoxCore", "src\VoicevoxCore\VoicevoxCore.csproj", "{338E1A9B-6E4A-4589-B439-F69A0D9354C0}"
EndProject
Project("{F2A71F9B-5D33-465A-A702-920D77279786}") = "Voicevox", "src\Voicevox\Voicevox.fsproj", "{9300F027-EB03-49DE-99B0-466AC6B8C7D5}"
EndProject
Project("{F2A71F9B-5D33-465A-A702-920D77279786}") = "Speaker", "src\Speaker\Speaker.fsproj", "{3ED55791-1ECA-407B-A4A8-0FE13A73E9C9}"
EndProject
Project("{F2A71F9B-5D33-465A-A702-920D77279786}") = "Data", "src\Data\Data.fsproj", "{27F2355A-2320-4E66-8915-5CF6F629895E}"
EndProject
Project("{F2A71F9B-5D33-465A-A702-920D77279786}") = "FFmpeg", "src\FFmpeg\FFmpeg.fsproj", "{4CE21B44-F41D-4E1E-9335-301D4E65FCE9}"
EndProject
Project("{F2A71F9B-5D33-465A-A702-920D77279786}") = "Appearance", "src\Appearance\Appearance.fsproj", "{80B9E42F-2873-49E9-BA2C-8607BFBFA801}"
EndProject
Project("{F2A71F9B-5D33-465A-A702-920D77279786}") = "ImageMagick", "src\ImageMagick\ImageMagick.fsproj", "{0B804E44-70B4-48BB-8D5E-09C26618FC97}"
EndProject
Project("{F2A71F9B-5D33-465A-A702-920D77279786}") = "Frame", "src\Frame\Frame.fsproj", "{58CEB4CB-8CBA-4FB6-9242-4956BC9AE189}"
EndProject
Project("{F2A71F9B-5D33-465A-A702-920D77279786}") = "Typst", "src\Typst\Typst.fsproj", "{0D914CA4-FFBF-42C3-85FD-CA688DCF9008}"
EndProject
Project("{F2A71F9B-5D33-465A-A702-920D77279786}") = "Measure", "src\Measure\Measure.fsproj", "{30FD5458-F965-4B69-B9B1-DFCBCAB04E56}"
EndProject
Project("{F2A71F9B-5D33-465A-A702-920D77279786}") = "Env", "src\Env\Env.fsproj", "{BAAD731C-ADC0-4438-A2F6-A6EDF707566B}"
EndProject
Project("{F2A71F9B-5D33-465A-A702-920D77279786}") = "Types", "src\Types\Types.fsproj", "{726517E0-8592-4CCB-A0E5-B1CDAD2B5D70}"
EndProject
Global
	GlobalSection(SolutionConfigurationPlatforms) = preSolution
		Debug|Any CPU = Debug|Any CPU
		Release|Any CPU = Release|Any CPU
	EndGlobalSection
	GlobalSection(SolutionProperties) = preSolution
		HideSolutionNode = FALSE
	EndGlobalSection
	GlobalSection(ProjectConfigurationPlatforms) = postSolution
		{07563B6C-4EF0-4F9E-B6F5-35F8DF993024}.Debug|Any CPU.ActiveCfg = Debug|Any CPU
		{07563B6C-4EF0-4F9E-B6F5-35F8DF993024}.Debug|Any CPU.Build.0 = Debug|Any CPU
		{07563B6C-4EF0-4F9E-B6F5-35F8DF993024}.Release|Any CPU.ActiveCfg = Release|Any CPU
		{07563B6C-4EF0-4F9E-B6F5-35F8DF993024}.Release|Any CPU.Build.0 = Release|Any CPU
		{338E1A9B-6E4A-4589-B439-F69A0D9354C0}.Debug|Any CPU.ActiveCfg = Debug|Any CPU
		{338E1A9B-6E4A-4589-B439-F69A0D9354C0}.Debug|Any CPU.Build.0 = Debug|Any CPU
		{338E1A9B-6E4A-4589-B439-F69A0D9354C0}.Release|Any CPU.ActiveCfg = Release|Any CPU
		{338E1A9B-6E4A-4589-B439-F69A0D9354C0}.Release|Any CPU.Build.0 = Release|Any CPU
		{9300F027-EB03-49DE-99B0-466AC6B8C7D5}.Debug|Any CPU.ActiveCfg = Debug|Any CPU
		{9300F027-EB03-49DE-99B0-466AC6B8C7D5}.Debug|Any CPU.Build.0 = Debug|Any CPU
		{9300F027-EB03-49DE-99B0-466AC6B8C7D5}.Release|Any CPU.ActiveCfg = Release|Any CPU
		{9300F027-EB03-49DE-99B0-466AC6B8C7D5}.Release|Any CPU.Build.0 = Release|Any CPU
		{3ED55791-1ECA-407B-A4A8-0FE13A73E9C9}.Debug|Any CPU.ActiveCfg = Debug|Any CPU
		{3ED55791-1ECA-407B-A4A8-0FE13A73E9C9}.Debug|Any CPU.Build.0 = Debug|Any CPU
		{3ED55791-1ECA-407B-A4A8-0FE13A73E9C9}.Release|Any CPU.ActiveCfg = Release|Any CPU
		{3ED55791-1ECA-407B-A4A8-0FE13A73E9C9}.Release|Any CPU.Build.0 = Release|Any CPU
		{27F2355A-2320-4E66-8915-5CF6F629895E}.Debug|Any CPU.ActiveCfg = Debug|Any CPU
		{27F2355A-2320-4E66-8915-5CF6F629895E}.Debug|Any CPU.Build.0 = Debug|Any CPU
		{27F2355A-2320-4E66-8915-5CF6F629895E}.Release|Any CPU.ActiveCfg = Release|Any CPU
		{27F2355A-2320-4E66-8915-5CF6F629895E}.Release|Any CPU.Build.0 = Release|Any CPU
		{4CE21B44-F41D-4E1E-9335-301D4E65FCE9}.Debug|Any CPU.ActiveCfg = Debug|Any CPU
		{4CE21B44-F41D-4E1E-9335-301D4E65FCE9}.Debug|Any CPU.Build.0 = Debug|Any CPU
		{4CE21B44-F41D-4E1E-9335-301D4E65FCE9}.Release|Any CPU.ActiveCfg = Release|Any CPU
		{4CE21B44-F41D-4E1E-9335-301D4E65FCE9}.Release|Any CPU.Build.0 = Release|Any CPU
		{80B9E42F-2873-49E9-BA2C-8607BFBFA801}.Debug|Any CPU.ActiveCfg = Debug|Any CPU
		{80B9E42F-2873-49E9-BA2C-8607BFBFA801}.Debug|Any CPU.Build.0 = Debug|Any CPU
		{80B9E42F-2873-49E9-BA2C-8607BFBFA801}.Release|Any CPU.ActiveCfg = Release|Any CPU
		{80B9E42F-2873-49E9-BA2C-8607BFBFA801}.Release|Any CPU.Build.0 = Release|Any CPU
		{0B804E44-70B4-48BB-8D5E-09C26618FC97}.Debug|Any CPU.ActiveCfg = Debug|Any CPU
		{0B804E44-70B4-48BB-8D5E-09C26618FC97}.Debug|Any CPU.Build.0 = Debug|Any CPU
		{0B804E44-70B4-48BB-8D5E-09C26618FC97}.Release|Any CPU.ActiveCfg = Release|Any CPU
		{0B804E44-70B4-48BB-8D5E-09C26618FC97}.Release|Any CPU.Build.0 = Release|Any CPU
		{58CEB4CB-8CBA-4FB6-9242-4956BC9AE189}.Debug|Any CPU.ActiveCfg = Debug|Any CPU
		{58CEB4CB-8CBA-4FB6-9242-4956BC9AE189}.Debug|Any CPU.Build.0 = Debug|Any CPU
		{58CEB4CB-8CBA-4FB6-9242-4956BC9AE189}.Release|Any CPU.ActiveCfg = Release|Any CPU
		{58CEB4CB-8CBA-4FB6-9242-4956BC9AE189}.Release|Any CPU.Build.0 = Release|Any CPU
		{0D914CA4-FFBF-42C3-85FD-CA688DCF9008}.Debug|Any CPU.ActiveCfg = Debug|Any CPU
		{0D914CA4-FFBF-42C3-85FD-CA688DCF9008}.Debug|Any CPU.Build.0 = Debug|Any CPU
		{0D914CA4-FFBF-42C3-85FD-CA688DCF9008}.Release|Any CPU.ActiveCfg = Release|Any CPU
		{0D914CA4-FFBF-42C3-85FD-CA688DCF9008}.Release|Any CPU.Build.0 = Release|Any CPU
		{30FD5458-F965-4B69-B9B1-DFCBCAB04E56}.Debug|Any CPU.ActiveCfg = Debug|Any CPU
		{30FD5458-F965-4B69-B9B1-DFCBCAB04E56}.Debug|Any CPU.Build.0 = Debug|Any CPU
		{30FD5458-F965-4B69-B9B1-DFCBCAB04E56}.Release|Any CPU.ActiveCfg = Release|Any CPU
		{30FD5458-F965-4B69-B9B1-DFCBCAB04E56}.Release|Any CPU.Build.0 = Release|Any CPU
		{BAAD731C-ADC0-4438-A2F6-A6EDF707566B}.Debug|Any CPU.ActiveCfg = Debug|Any CPU
		{BAAD731C-ADC0-4438-A2F6-A6EDF707566B}.Debug|Any CPU.Build.0 = Debug|Any CPU
		{BAAD731C-ADC0-4438-A2F6-A6EDF707566B}.Release|Any CPU.ActiveCfg = Release|Any CPU
		{BAAD731C-ADC0-4438-A2F6-A6EDF707566B}.Release|Any CPU.Build.0 = Release|Any CPU
		{726517E0-8592-4CCB-A0E5-B1CDAD2B5D70}.Debug|Any CPU.ActiveCfg = Debug|Any CPU
		{726517E0-8592-4CCB-A0E5-B1CDAD2B5D70}.Debug|Any CPU.Build.0 = Debug|Any CPU
		{726517E0-8592-4CCB-A0E5-B1CDAD2B5D70}.Release|Any CPU.ActiveCfg = Release|Any CPU
		{726517E0-8592-4CCB-A0E5-B1CDAD2B5D70}.Release|Any CPU.Build.0 = Release|Any CPU
	EndGlobalSection
	GlobalSection(NestedProjects) = preSolution
		{07563B6C-4EF0-4F9E-B6F5-35F8DF993024} = {85458821-7947-4FC4-9C02-2ED97FB0E7D2}
		{338E1A9B-6E4A-4589-B439-F69A0D9354C0} = {85458821-7947-4FC4-9C02-2ED97FB0E7D2}
		{9300F027-EB03-49DE-99B0-466AC6B8C7D5} = {85458821-7947-4FC4-9C02-2ED97FB0E7D2}
		{3ED55791-1ECA-407B-A4A8-0FE13A73E9C9} = {85458821-7947-4FC4-9C02-2ED97FB0E7D2}
		{27F2355A-2320-4E66-8915-5CF6F629895E} = {85458821-7947-4FC4-9C02-2ED97FB0E7D2}
		{4CE21B44-F41D-4E1E-9335-301D4E65FCE9} = {85458821-7947-4FC4-9C02-2ED97FB0E7D2}
		{80B9E42F-2873-49E9-BA2C-8607BFBFA801} = {85458821-7947-4FC4-9C02-2ED97FB0E7D2}
		{0B804E44-70B4-48BB-8D5E-09C26618FC97} = {85458821-7947-4FC4-9C02-2ED97FB0E7D2}
		{58CEB4CB-8CBA-4FB6-9242-4956BC9AE189} = {85458821-7947-4FC4-9C02-2ED97FB0E7D2}
		{0D914CA4-FFBF-42C3-85FD-CA688DCF9008} = {85458821-7947-4FC4-9C02-2ED97FB0E7D2}
		{30FD5458-F965-4B69-B9B1-DFCBCAB04E56} = {85458821-7947-4FC4-9C02-2ED97FB0E7D2}
		{BAAD731C-ADC0-4438-A2F6-A6EDF707566B} = {85458821-7947-4FC4-9C02-2ED97FB0E7D2}
		{726517E0-8592-4CCB-A0E5-B1CDAD2B5D70} = {85458821-7947-4FC4-9C02-2ED97FB0E7D2}
	EndGlobalSection
EndGlobal
